{
  "version": 4,
  "terraform_version": "0.12.20",
  "serial": 5,
  "lineage": "7e3772ad-090b-0068-9e54-90a36d47edfb",
  "outputs": {},
  "resources": [
    {
      "mode": "managed",
      "type": "aws_s3_bucket",
      "name": "bucket_to_store_tfstate",
      "provider": "provider.aws",
      "instances": [
        {
          "schema_version": 0,
          "attributes": {
            "acceleration_status": "",
            "acl": "private",
            "arn": "arn:aws:s3:::banuka-terraform-backend-tfstate",
            "bucket": "banuka-terraform-backend-tfstate",
            "bucket_domain_name": "banuka-terraform-backend-tfstate.s3.amazonaws.com",
            "bucket_prefix": null,
            "bucket_regional_domain_name": "banuka-terraform-backend-tfstate.s3.amazonaws.com",
            "cors_rule": [],
            "force_destroy": true,
            "hosted_zone_id": "Z3AQBSTGFYJSTF",
            "id": "banuka-terraform-backend-tfstate",
            "lifecycle_rule": [],
            "logging": [],
            "object_lock_configuration": [],
            "policy": null,
            "region": "us-east-1",
            "replication_configuration": [],
            "request_payer": "BucketOwner",
            "server_side_encryption_configuration": [],
            "tags": {
              "Name": "created by tf"
            },
            "versioning": [
              {
                "enabled": false,
                "mfa_delete": false
              }
            ],
            "website": [],
            "website_domain": null,
            "website_endpoint": null
          },
          "private": "bnVsbA=="
        }
      ]
    }
  ]
}
